<?xml version="1.0" encoding="utf-8"?>
<Project ToolsVersion="4.0" xmlns="http://schemas.microsoft.com/developer/msbuild/2003">
  <ItemGroup>
    <Filter Include="源文件">
      <UniqueIdentifier>{4FC737F1-C7A5-4376-A066-2A32D752A2FF}</UniqueIdentifier>
      <Extensions>cpp;c;cc;cxx;def;odl;idl;hpj;bat;asm;asmx</Extensions>
    </Filter>
    <Filter Include="头文件">
      <UniqueIdentifier>{93995380-89BD-4b04-88EB-625FBE52EBFB}</UniqueIdentifier>
      <Extensions>h;hh;hpp;hxx;hm;inl;inc;xsd</Extensions>
    </Filter>
    <Filter Include="资源文件">
      <UniqueIdentifier>{67DA6AB6-F800-4c08-8B7A-83BB121AAD01}</UniqueIdentifier>
      <Extensions>rc;ico;cur;bmp;dlg;rc2;rct;bin;rgs;gif;jpg;jpeg;jpe;resx;tiff;tif;png;wav;mfcribbon-ms</Extensions>
    </Filter>
    <Filter Include="model">
      <UniqueIdentifier>{4b76ce5b-f5db-4841-8cac-61703a9ed3e2}</UniqueIdentifier>
    </Filter>
    <Filter Include="dynamics">
      <UniqueIdentifier>{c158a727-f9ec-4063-b1c2-38ea167e97fc}</UniqueIdentifier>
    </Filter>
    <Filter Include="datastructure">
      <UniqueIdentifier>{aa5738db-ab74-4fef-a413-a46278c80670}</UniqueIdentifier>
    </Filter>
    <Filter Include="drawing">
      <UniqueIdentifier>{57ac292e-15ef-4131-8966-0f6b86d7826f}</UniqueIdentifier>
    </Filter>
  </ItemGroup>
  <ItemGroup>
    <ClCompile Include="main_display.cpp">
      <Filter>drawing</Filter>
    </ClCompile>
    <ClCompile Include="Kirchhoff3D.cpp">
      <Filter>datastructure</Filter>
    </ClCompile>
    <ClCompile Include="Matrix.cpp">
      <Filter>datastructure</Filter>
    </ClCompile>
    <ClCompile Include="Point3D.cpp">
      <Filter>datastructure</Filter>
    </ClCompile>
    <ClCompile Include="Kirchhoff.cpp">
      <Filter>dynamics</Filter>
    </ClCompile>
    <ClCompile Include="DynamicFormula.cpp">
      <Filter>dynamics</Filter>
    </ClCompile>
    <ClCompile Include="main_display2.cpp">
      <Filter>drawing</Filter>
    </ClCompile>
    <ClCompile Include="DynamicFormula2.cpp">
      <Filter>dynamics</Filter>
    </ClCompile>
    <ClCompile Include="Body.cpp">
      <Filter>dynamics</Filter>
    </ClCompile>
    <ClCompile Include="PICnew.cpp">
      <Filter>model</Filter>
    </ClCompile>
    <ClCompile Include="PIC.cpp">
      <Filter>model</Filter>
    </ClCompile>
  </ItemGroup>
  <ItemGroup>
    <ClInclude Include="PIC.h">
      <Filter>model</Filter>
    </ClInclude>
    <ClInclude Include="Kirchhoff3D.h">
      <Filter>datastructure</Filter>
    </ClInclude>
    <ClInclude Include="Matrix.h">
      <Filter>datastructure</Filter>
    </ClInclude>
    <ClInclude Include="Point3D.h">
      <Filter>datastructure</Filter>
    </ClInclude>
    <ClInclude Include="Quaternion.h">
      <Filter>datastructure</Filter>
    </ClInclude>
    <ClInclude Include="Vector6D.h">
      <Filter>datastructure</Filter>
    </ClInclude>
    <ClInclude Include="Kirchhoff.h">
      <Filter>dynamics</Filter>
    </ClInclude>
    <ClInclude Include="DynamicFormula.h">
      <Filter>dynamics</Filter>
    </ClInclude>
    <ClInclude Include="DynamicFormula2.h">
      <Filter>dynamics</Filter>
    </ClInclude>
    <ClInclude Include="Body.h">
      <Filter>dynamics</Filter>
    </ClInclude>
    <ClInclude Include="PICnew.h">
      <Filter>model</Filter>
    </ClInclude>
  </ItemGroup>
  <ItemGroup>
    <None Include="packages.config" />
    <None Include="cpp.hint" />
  </ItemGroup>
</Project>